
Microsoft Visual Studio Solution File, Format Version 12.00
# Visual Studio Version 16
VisualStudioVersion = 16.0.31005.135
MinimumVisualStudioVersion = 10.0.40219.1
Project("{FAE04EC0-301F-11D3-BF4B-00C04F79EFBC}") = "JokesTutorial", "JokesTutorial\JokesTutorial.csproj", "{A06EA8C1-F219-4D9F-A0A4-A2E599704793}"
EndProject
Global
	GlobalSection(SolutionConfigurationPlatforms) = preSolution
		Debug|Any CPU = Debug|Any CPU
		Release|Any CPU = Release|Any CPU
	EndGlobalSection
	GlobalSection(ProjectConfigurationPlatforms) = postSolution
		{A06EA8C1-F219-4D9F-A0A4-A2E599704793}.Debug|Any CPU.ActiveCfg = Debug|Any CPU
		{A06EA8C1-F219-4D9F-A0A4-A2E599704793}.Debug|Any CPU.Build.0 = Debug|Any CPU
		{A06EA8C1-F219-4D9F-A0A4-A2E599704793}.Release|Any CPU.ActiveCfg = Release|Any CPU
		{A06EA8C1-F219-4D9F-A0A4-A2E599704793}.Release|Any CPU.Build.0 = Release|Any CPU
	EndGlobalSection
	GlobalSection(SolutionProperties) = preSolution
		HideSolutionNode = FALSE
	EndGlobalSection
	GlobalSection(ExtensibilityGlobals) = postSolution
		SolutionGuid = {B77A8EA3-1DAD-4622-A15F-110BB4973F77}
	EndGlobalSection
EndGlobal
